
Microsoft Visual Studio Solution File, Format Version 12.00
# Visual Studio Version 16
VisualStudioVersion = 16.0.30204.135
MinimumVisualStudioVersion = 10.0.40219.1
Project("{FAE04EC0-301F-11D3-BF4B-00C04F79EFBC}") = "CeciliaWrapper", "CeciliaWrapper.csproj", "{B367BE9F-D2D1-48FD-A937-F4DCDCA6B7A3}"
EndProject
Global
	GlobalSection(SolutionConfigurationPlatforms) = preSolution
		Debug|Any CPU = Debug|Any CPU
		Release|Any CPU = Release|Any CPU
	EndGlobalSection
	GlobalSection(ProjectConfigurationPlatforms) = postSolution
		{B367BE9F-D2D1-48FD-A937-F4DCDCA6B7A3}.Debug|Any CPU.ActiveCfg = Debug|Any CPU
		{B367BE9F-D2D1-48FD-A937-F4DCDCA6B7A3}.Debug|Any CPU.Build.0 = Debug|Any CPU
		{B367BE9F-D2D1-48FD-A937-F4DCDCA6B7A3}.Release|Any CPU.ActiveCfg = Release|Any CPU
		{B367BE9F-D2D1-48FD-A937-F4DCDCA6B7A3}.Release|Any CPU.Build.0 = Release|Any CPU
	EndGlobalSection
	GlobalSection(SolutionProperties) = preSolution
		HideSolutionNode = FALSE
	EndGlobalSection
	GlobalSection(ExtensibilityGlobals) = postSolution
		SolutionGuid = {ED3B6B1A-2DFE-4A3A-94E9-1BE03F27CFF2}
	EndGlobalSection
EndGlobal
